{
  "name": "1.144.7",
  "lockfileVersion": 3,
  "requires": true,
  "packages": {
    "": {
      "dependencies": {
        "@sap/ux-specification": "^1.144.7"
      }
    },
    "node_modules/@sap/ux-specification": {
      "version": "1.144.7",
      "resolved": "https://registry.npmjs.org/@sap/ux-specification/-/ux-specification-1.144.7.tgz",
      "integrity": "sha512-FCHaIIFNYqf3iGg1J31adJ53a9V0zWJAlxnotRvs+r5/wCDoW0UBHOh9dXCnJrtvkcXGTzgG4uG2e1Xve5MDHw==",
      "license": "SEE LICENSE IN LICENSE",
      "engines": {
        "node": ">=22.13.0 <23.0.0 || >=24.0.0 <25.0.0 || >=26.0.0",
        "yarn": ">=1.22.22 < 2"
      }
    }
  }
}
