{
  "socketPath": "/tmp/mcp-n8CSfN/mcp.sock",
  "scheme": "unix",
  "headers": {
    "Authorization": "Nonce 0419abc1-7e2a-406f-91dd-f2cb739f1075"
  },
  "pid": 3480,
  "ideName": "SAP Business Application Studio",
  "timestamp": 1783855674789,
  "workspaceFolders": [
    "/home/user"
  ],
  "isTrusted": true
}