{
  "socketPath": "/tmp/mcp-mksWUA/mcp.sock",
  "scheme": "unix",
  "headers": {
    "Authorization": "Nonce f17c03c6-c102-4b58-8a1c-05413f9dccfe"
  },
  "pid": 1913,
  "ideName": "SAP Business Application Studio",
  "timestamp": 1784304557148,
  "workspaceFolders": [
    "/home/user/projects/project1"
  ],
  "isTrusted": true
}